{
  "name": "@sdkwork/im-rpc-sdk",
  "version": "1.0.11",
  "lockfileVersion": 3,
  "requires": true,
  "packages": {
    "": {
      "name": "@sdkwork/im-rpc-sdk",
      "version": "1.0.11",
      "license": "MIT",
      "dependencies": {
        "@bufbuild/protobuf": "^2.12.0",
        "@connectrpc/connect": "^2.1.0",
        "@sdkwork/sdk-common": "^1.0.8"
      },
      "devDependencies": {
        "typescript": "^5.3.0"
      }
    },
    "node_modules/@bufbuild/protobuf": {
      "version": "2.12.0",
      "resolved": "https://registry.npmjs.org/@bufbuild/protobuf/-/protobuf-2.12.0.tgz",
      "integrity": "sha512-B/XlCaFIP8LOwzo+bz5uFzATYokcwCKQcghqnlfwSmM5eX/qTkvDBnDPs+gXtX/RyjxJ4DRikECcPJbyALA8FA==",
      "license": "(Apache-2.0 AND BSD-3-Clause)"
    },
    "node_modules/@connectrpc/connect": {
      "version": "2.1.1",
      "resolved": "https://registry.npmjs.org/@connectrpc/connect/-/connect-2.1.1.tgz",
      "integrity": "sha512-JzhkaTvM73m2K1URT6tv53k2RwngSmCXLZJgK580qNQOXRzZRR/BCMfZw3h+90JpnG6XksP5bYT+cz0rpUzUWQ==",
      "license": "Apache-2.0",
      "peerDependencies": {
        "@bufbuild/protobuf": "^2.7.0"
      }
    },
    "node_modules/@sdkwork/sdk-common": {
      "version": "1.0.9",
      "resolved": "https://registry.npmjs.org/@sdkwork/sdk-common/-/sdk-common-1.0.9.tgz",
      "integrity": "sha512-XxBsHd8aRULe3cp/hPmlqGoJshMaM47bEXLTAZfEzYEXBUUmKmFTZhhjkVVYaNxIFo1nh5T7bXTjXhffiRkgvg==",
      "license": "MIT",
      "dependencies": {
        "@sdkwork/utils": "^0.11.0"
      },
      "engines": {
        "node": ">=18.0.0"
      }
    },
    "node_modules/@sdkwork/utils": {
      "version": "0.11.0",
      "resolved": "https://registry.npmjs.org/@sdkwork/utils/-/utils-0.11.0.tgz",
      "integrity": "sha512-GTW9LPBkrNy3jdzbnEGzLd1wRYZly5NNkXt2W0ZZElmsbAfkEIi9oFa1O4+E9lSDwsYRkHjNvzeAb8waacVTow==",
      "license": "MIT"
    },
    "node_modules/typescript": {
      "version": "5.9.3",
      "resolved": "https://registry.npmjs.org/typescript/-/typescript-5.9.3.tgz",
      "integrity": "sha512-jl1vZzPDinLr9eUt3J/t7V6FgNEw9QjvBPdysz9KfQDD41fQrC2Y4vKQdiaUpFT4bXlb1RHhLpp8wtm6M5TgSw==",
      "dev": true,
      "license": "Apache-2.0",
      "bin": {
        "tsc": "bin/tsc",
        "tsserver": "bin/tsserver"
      },
      "engines": {
        "node": ">=14.17"
      }
    }
  }
}
